{
  "name": "app",
  "version": "0.1.0",
  "lockfileVersion": 3,
  "requires": true,
  "packages": {
    "": {
      "name": "app",
      "version": "0.1.0",
      "dependencies": {
        "@brtmvdl/database": "^1.0.5"
      }
    },
    "node_modules/@brtmvdl/database": {
      "version": "1.0.5",
      "resolved": "https://registry.npmjs.org/@brtmvdl/database/-/database-1.0.5.tgz",
      "integrity": "sha512-8WH4EMJO2w0k1KTXm/Mgsotdl5Pl1qg23gd/YUGAg7egnDl/uSQ9fs3RCliOObWq2Jzdgr97Ku6bhYLd3LK/Fw==",
      "dependencies": {
        "@brtmvdl/uuid": "^0.2.0"
      },
      "bin": {
        "database": "bin/index.js"
      },
      "funding": {
        "url": "https://link.mercadopago.com.br/brtmvdl"
      }
    },
    "node_modules/@brtmvdl/uuid": {
      "version": "0.2.0",
      "resolved": "https://registry.npmjs.org/@brtmvdl/uuid/-/uuid-0.2.0.tgz",
      "integrity": "sha512-DYldjPmwMo7f5sZddFYmzkjJmk4ySLfmK6BApYmLW2V/do5MtJsBbd3TnDEW/vPfP5+ISIsy+oV8NrwR5LhqWg=="
    }
  }
}
